{
    "name": "onsenui-v2-angular1-minimum",
    "requires": true,
    "lockfileVersion": 1,
    "dependencies": {
        "balanced-match": {
            "version": "1.0.0",
            "resolved": "https://registry.npmjs.org/balanced-match/-/balanced-match-1.0.0.tgz",
            "integrity": "sha1-ibTRmasr7kneFk6gK4nORi1xt2c="
        },
        "base64-js": {
            "version": "0.0.8",
            "resolved": "https://registry.npmjs.org/base64-js/-/base64-js-0.0.8.tgz",
            "integrity": "sha1-EQHpVE9KdrG8OybUUsqW16NeeXg="
        },
        "big-integer": {
            "version": "1.6.34",
            "resolved": "https://registry.npmjs.org/big-integer/-/big-integer-1.6.34.tgz",
            "integrity": "sha512-+w6B0Uo0ZvTSzDkXjoBCTNK0oe+aVL+yPi7kwGZm8hd8+Nj1AFPoxoq1Bl/mEu/G/ivOkUc1LRqVR0XeWFUzuA=="
        },
        "bplist-creator": {
            "version": "0.0.7",
            "resolved": "https://registry.npmjs.org/bplist-creator/-/bplist-creator-0.0.7.tgz",
            "integrity": "sha1-N98VNgkoJLh8QvlXsBNEEXNyrkU=",
            "requires": {
                "stream-buffers": "~2.2.0"
            }
        },
        "bplist-parser": {
            "version": "0.1.1",
            "resolved": "https://registry.npmjs.org/bplist-parser/-/bplist-parser-0.1.1.tgz",
            "integrity": "sha1-1g1dzCDLptx+HymbNdPh+V2vuuY=",
            "requires": {
                "big-integer": "^1.6.7"
            }
        },
        "brace-expansion": {
            "version": "1.1.11",
            "resolved": "https://registry.npmjs.org/brace-expansion/-/brace-expansion-1.1.11.tgz",
            "integrity": "sha512-iCuPHDFgrHX7H2vEI/5xpz07zSHB00TpugqhmYtVmMO6518mCuRMoOYFldEBl0g187ufozdaHgWKcYFb61qGiA==",
            "requires": {
                "balanced-match": "^1.0.0",
                "concat-map": "0.0.1"
            }
        },
        "colors": {
            "version": "1.3.1",
            "resolved": "https://registry.npmjs.org/colors/-/colors-1.3.1.tgz",
            "integrity": "sha512-jg/vxRmv430jixZrC+La5kMbUWqIg32/JsYNZb94+JEmzceYbWKTsv1OuTp+7EaqiaWRR2tPcykibwCRgclIsw=="
        },
        "concat-map": {
            "version": "0.0.1",
            "resolved": "https://registry.npmjs.org/concat-map/-/concat-map-0.0.1.tgz",
            "integrity": "sha1-2Klr13/Wjfd5OnMDajug1UBdR3s="
        },
        "cordova-custom-config": {
            "version": "5.0.2",
            "resolved": "https://registry.npmjs.org/cordova-custom-config/-/cordova-custom-config-5.0.2.tgz",
            "integrity": "sha512-BOlDpmll+CIL+pSFfYrp0ederNCDKvB3X8tDY2EacEvcar/kB2MKs9M5Htv4VTrkfdIbjJtoePD2vaH3apY1Tg==",
            "requires": {
                "colors": "^1.1.2",
                "elementtree": "^0.1.6",
                "lodash": "^4.3.0",
                "plist": "github:xiangpingmeng/plist.js#5ccd600b0b7fd3ae204edc9e69c1c30406d07747",
                "shelljs": "^0.7.0",
                "tostr": "^0.1.0",
                "xcode": "^1.0.0"
            }
        },
        "cordova-plugin-splashscreen": {
            "version": "5.0.1",
            "resolved": "https://registry.npmjs.org/cordova-plugin-splashscreen/-/cordova-plugin-splashscreen-5.0.1.tgz",
            "integrity": "sha1-4icXJZOULCR5sOH3af7dwhyLVaM="
        },
        "cordova-plugin-whitelist": {
            "version": "1.3.3",
            "resolved": "https://registry.npmjs.org/cordova-plugin-whitelist/-/cordova-plugin-whitelist-1.3.3.tgz",
            "integrity": "sha1-tehezbv+Wu3tQKG/TuI3LmfZb7Q="
        },
        "elementtree": {
            "version": "0.1.7",
            "resolved": "https://registry.npmjs.org/elementtree/-/elementtree-0.1.7.tgz",
            "integrity": "sha1-mskb5uUvtuYkTE5UpKw+2K6OKcA=",
            "requires": {
                "sax": "1.1.4"
            }
        },
        "fs.realpath": {
            "version": "1.0.0",
            "resolved": "https://registry.npmjs.org/fs.realpath/-/fs.realpath-1.0.0.tgz",
            "integrity": "sha1-FQStJSMVjKpA20onh8sBQRmU6k8="
        },
        "glob": {
            "version": "7.1.2",
            "resolved": "https://registry.npmjs.org/glob/-/glob-7.1.2.tgz",
            "integrity": "sha512-MJTUg1kjuLeQCJ+ccE4Vpa6kKVXkPYJ2mOCQyUuKLcLQsdrMCpBPUi8qVE6+YuaJkozeA9NusTAw3hLr8Xe5EQ==",
            "requires": {
                "fs.realpath": "^1.0.0",
                "inflight": "^1.0.4",
                "inherits": "2",
                "minimatch": "^3.0.4",
                "once": "^1.3.0",
                "path-is-absolute": "^1.0.0"
            }
        },
        "inflight": {
            "version": "1.0.6",
            "resolved": "https://registry.npmjs.org/inflight/-/inflight-1.0.6.tgz",
            "integrity": "sha1-Sb1jMdfQLQwJvJEKEHW6gWW1bfk=",
            "requires": {
                "once": "^1.3.0",
                "wrappy": "1"
            }
        },
        "inherits": {
            "version": "2.0.3",
            "resolved": "https://registry.npmjs.org/inherits/-/inherits-2.0.3.tgz",
            "integrity": "sha1-Yzwsg+PaQqUC9SRmAiSA9CCCYd4="
        },
        "interpret": {
            "version": "1.1.0",
            "resolved": "https://registry.npmjs.org/interpret/-/interpret-1.1.0.tgz",
            "integrity": "sha1-ftGxQQxqDg94z5XTuEQMY/eLhhQ="
        },
        "lodash": {
            "version": "4.17.10",
            "resolved": "https://registry.npmjs.org/lodash/-/lodash-4.17.10.tgz",
            "integrity": "sha512-UejweD1pDoXu+AD825lWwp4ZGtSwgnpZxb3JDViD7StjQz+Nb/6l093lx4OQ0foGWNRoc19mWy7BzL+UAK2iVg=="
        },
        "minimatch": {
            "version": "3.0.4",
            "resolved": "https://registry.npmjs.org/minimatch/-/minimatch-3.0.4.tgz",
            "integrity": "sha512-yJHVQEhyqPLUTgt9B83PXu6W3rx4MvvHvSUvToogpwoGDOUQ+yDrR0HRot+yOCdCO7u4hX3pWft6kWBBcqh0UA==",
            "requires": {
                "brace-expansion": "^1.1.7"
            }
        },
        "monaca-plugin-monaca-core": {
            "version": "3.2.0",
            "resolved": "https://registry.npmjs.org/monaca-plugin-monaca-core/-/monaca-plugin-monaca-core-3.2.0.tgz",
            "integrity": "sha512-H7k5BMh7ahmLS1h0LZrK1yBN7L1Kuw/3uHs6z7ehwMS32NK1DscpkChAKC4X2ot0p7Z4bDqMAnCAvrd074L52g=="
        },
        "once": {
            "version": "1.4.0",
            "resolved": "https://registry.npmjs.org/once/-/once-1.4.0.tgz",
            "integrity": "sha1-WDsap3WWHUsROsF9nFC6753Xa9E=",
            "requires": {
                "wrappy": "1"
            }
        },
        "path-is-absolute": {
            "version": "1.0.1",
            "resolved": "https://registry.npmjs.org/path-is-absolute/-/path-is-absolute-1.0.1.tgz",
            "integrity": "sha1-F0uSaHNVNP+8es5r9TpanhtcX18="
        },
        "path-parse": {
            "version": "1.0.6",
            "resolved": "https://registry.npmjs.org/path-parse/-/path-parse-1.0.6.tgz",
            "integrity": "sha512-GSmOT2EbHrINBf9SR7CDELwlJ8AENk3Qn7OikK4nFYAu3Ote2+JYNVvkpAEQm3/TLNEJFD/xZJjzyxg3KBWOzw=="
        },
        "pegjs": {
            "version": "0.10.0",
            "resolved": "https://registry.npmjs.org/pegjs/-/pegjs-0.10.0.tgz",
            "integrity": "sha1-z4uvrm7d/0tafvsYUmnqr0YQ3b0="
        },
        "plist": {
            "version": "github:xiangpingmeng/plist.js#5ccd600b0b7fd3ae204edc9e69c1c30406d07747",
            "from": "github:xiangpingmeng/plist.js",
            "requires": {
                "base64-js": "0.0.8",
                "util-deprecate": "1.0.2",
                "xmlbuilder": "4.0.0",
                "xmldom": "0.1.x"
            }
        },
        "rechoir": {
            "version": "0.6.2",
            "resolved": "https://registry.npmjs.org/rechoir/-/rechoir-0.6.2.tgz",
            "integrity": "sha1-hSBLVNuoLVdC4oyWdW70OvUOM4Q=",
            "requires": {
                "resolve": "^1.1.6"
            }
        },
        "resolve": {
            "version": "1.8.1",
            "resolved": "https://registry.npmjs.org/resolve/-/resolve-1.8.1.tgz",
            "integrity": "sha512-AicPrAC7Qu1JxPCZ9ZgCZlY35QgFnNqc+0LtbRNxnVw4TXvjQ72wnuL9JQcEBgXkI9JM8MsT9kaQoHcpCRJOYA==",
            "requires": {
                "path-parse": "^1.0.5"
            }
        },
        "sax": {
            "version": "1.1.4",
            "resolved": "https://registry.npmjs.org/sax/-/sax-1.1.4.tgz",
            "integrity": "sha1-dLbTPJrh4AFRDxeakRaFiPGu2qk="
        },
        "shelljs": {
            "version": "0.7.8",
            "resolved": "https://registry.npmjs.org/shelljs/-/shelljs-0.7.8.tgz",
            "integrity": "sha1-3svPh0sNHl+3LhSxZKloMEjprLM=",
            "requires": {
                "glob": "^7.0.0",
                "interpret": "^1.0.0",
                "rechoir": "^0.6.2"
            }
        },
        "simple-plist": {
            "version": "0.2.1",
            "resolved": "https://registry.npmjs.org/simple-plist/-/simple-plist-0.2.1.tgz",
            "integrity": "sha1-cXZts1IyaSjPOoByQrp2IyJjZyM=",
            "requires": {
                "bplist-creator": "0.0.7",
                "bplist-parser": "0.1.1",
                "plist": "2.0.1"
            },
            "dependencies": {
                "base64-js": {
                    "version": "1.1.2",
                    "resolved": "https://registry.npmjs.org/base64-js/-/base64-js-1.1.2.tgz",
                    "integrity": "sha1-1kAMrBxMZgl22Q0HoENR2JOV9eg="
                },
                "plist": {
                    "version": "2.0.1",
                    "resolved": "https://registry.npmjs.org/plist/-/plist-2.0.1.tgz",
                    "integrity": "sha1-CjLKlIGxw2TpLhjcVch23p0B2os=",
                    "requires": {
                        "base64-js": "1.1.2",
                        "xmlbuilder": "8.2.2",
                        "xmldom": "0.1.x"
                    }
                },
                "xmlbuilder": {
                    "version": "8.2.2",
                    "resolved": "https://registry.npmjs.org/xmlbuilder/-/xmlbuilder-8.2.2.tgz",
                    "integrity": "sha1-aSSGc0ELS6QuGmE2VR0pIjNap3M="
                }
            }
        },
        "stream-buffers": {
            "version": "2.2.0",
            "resolved": "https://registry.npmjs.org/stream-buffers/-/stream-buffers-2.2.0.tgz",
            "integrity": "sha1-kdX1Ew0c75bc+n9yaUUYh0HQnuQ="
        },
        "tostr": {
            "version": "0.1.0",
            "resolved": "https://registry.npmjs.org/tostr/-/tostr-0.1.0.tgz",
            "integrity": "sha1-cjm6H6gHyBAMlTLNIxvwQat3lik="
        },
        "util-deprecate": {
            "version": "1.0.2",
            "resolved": "https://registry.npmjs.org/util-deprecate/-/util-deprecate-1.0.2.tgz",
            "integrity": "sha1-RQ1Nyfpw3nMnYvvS1KKJgUGaDM8="
        },
        "uuid": {
            "version": "3.0.1",
            "resolved": "https://registry.npmjs.org/uuid/-/uuid-3.0.1.tgz",
            "integrity": "sha1-ZUS7ot/ajBzxfmKaOjBeK7H+5sE="
        },
        "wrappy": {
            "version": "1.0.2",
            "resolved": "https://registry.npmjs.org/wrappy/-/wrappy-1.0.2.tgz",
            "integrity": "sha1-tSQ9jz7BqjXxNkYFvA0QNuMKtp8="
        },
        "xcode": {
            "version": "1.0.0",
            "resolved": "https://registry.npmjs.org/xcode/-/xcode-1.0.0.tgz",
            "integrity": "sha1-4fWxRDJF3tOMGAeW3xoQ/e2ghOw=",
            "requires": {
                "pegjs": "^0.10.0",
                "simple-plist": "^0.2.1",
                "uuid": "3.0.1"
            }
        },
        "xmlbuilder": {
            "version": "4.0.0",
            "resolved": "https://registry.npmjs.org/xmlbuilder/-/xmlbuilder-4.0.0.tgz",
            "integrity": "sha1-mLj2UcowqmJANvEn0RzGbce5B6M=",
            "requires": {
                "lodash": "^3.5.0"
            },
            "dependencies": {
                "lodash": {
                    "version": "3.10.1",
                    "resolved": "https://registry.npmjs.org/lodash/-/lodash-3.10.1.tgz",
                    "integrity": "sha1-W/Rejkm6QYnhfUgnid/RW9FAt7Y="
                }
            }
        },
        "xmldom": {
            "version": "0.1.27",
            "resolved": "https://registry.npmjs.org/xmldom/-/xmldom-0.1.27.tgz",
            "integrity": "sha1-1QH5ezvbQDr4757MIFcxh6rawOk="
        }
    }
}
